# Generated by buf. DO NOT EDIT.
deps:
  - remote: buf.build
    owner: beta
    repository: googleapis
    branch: main
    commit: 1dc4674e3cb949b388204fa2dc321be7
    digest: b1-Ta7Phbh_og5qghBtkK8kIVfexZ5MWk0gb3eG0kp3Qx0=
    create_time: 2021-02-09T19:58:07.142147Z
  - remote: buf.build
    owner: elide
    repository: safe-html-types
    branch: main
    commit: 4b8dfa8948a94004944cceca60e62748
    digest: b1-bXAq8x46tShSeIuZnyce9OIvHO0f2Hs6ZBy3Jaut-AU=
    create_time: 2021-02-13T07:06:47.888007Z
